
Microsoft Visual Studio Solution File, Format Version 12.00
# Visual Studio 2013
VisualStudioVersion = 12.0.31101.0
MinimumVisualStudioVersion = 10.0.40219.1
Project("{2150E333-8FDC-42A3-9474-1A3956D46DE8}") = "WCFService", "WCFService", "{2C1C835B-4FC8-443A-9B6F-47D3CD8C33B7}"
EndProject
Project("{2150E333-8FDC-42A3-9474-1A3956D46DE8}") = "Modules", "Modules", "{6003A07B-B52F-4114-B41D-40589E20E8DC}"
EndProject
Project("{2150E333-8FDC-42A3-9474-1A3956D46DE8}") = "LabelPrinterService", "LabelPrinterService", "{03514F58-6ADF-437D-9CFC-5D7E3D0C0F28}"
EndProject
Project("{FAE04EC0-301F-11D3-BF4B-00C04F79EFBC}") = "CACCCheckInClient", "CACCCheckInClient\CACCCheckInClient.csproj", "{91021D6A-E56E-4E11-9139-3B74AFC85780}"
EndProject
Project("{FAE04EC0-301F-11D3-BF4B-00C04F79EFBC}") = "Infrastructure", "Infrastructure\Infrastructure.csproj", "{995E4D58-1157-45F8-ABB3-5EBC614F42DA}"
	ProjectSection(ProjectDependencies) = postProject
		{DEF3ACEE-C6F4-4FF6-BD48-35A566EDEC9C} = {DEF3ACEE-C6F4-4FF6-BD48-35A566EDEC9C}
	EndProjectSection
EndProject
Project("{FAE04EC0-301F-11D3-BF4B-00C04F79EFBC}") = "CACCCheckInServiceLibrary", "CACCCheckInServiceLibrary\CACCCheckInServiceLibrary.csproj", "{DEF3ACEE-C6F4-4FF6-BD48-35A566EDEC9C}"
EndProject
Project("{FAE04EC0-301F-11D3-BF4B-00C04F79EFBC}") = "CACCCheckInServiceLibraryDebugHost", "CACCCheckInServiceLibraryDebugHost\CACCCheckInServiceLibraryDebugHost.csproj", "{ACCE5482-B1BE-46DF-9588-B33FB6294CF8}"
EndProject
Project("{FAE04EC0-301F-11D3-BF4B-00C04F79EFBC}") = "CACCCheckIn.Modules.Children", "ChildrenModule\CACCCheckIn.Modules.Children.csproj", "{B22651CD-45B1-4341-B8D1-0792BFE1F8A0}"
EndProject
Project("{FAE04EC0-301F-11D3-BF4B-00C04F79EFBC}") = "CACCCheckIn.Modules.Preschool", "PreschoolModule\CACCCheckIn.Modules.Preschool.csproj", "{E1CDF58C-27C2-4AF9-93A4-588E7E0B7071}"
EndProject
Project("{FAE04EC0-301F-11D3-BF4B-00C04F79EFBC}") = "Yaakov.Controls", "ProcessingContentControl\Yaakov.Controls.csproj", "{E1065E7D-1D68-4921-9813-44A3B982778D}"
EndProject
Project("{FAE04EC0-301F-11D3-BF4B-00C04F79EFBC}") = "LabelCommon", "LabelCommon\LabelCommon.csproj", "{01C189E1-930F-41B4-B50C-691AF77240DC}"
EndProject
Project("{FAE04EC0-301F-11D3-BF4B-00C04F79EFBC}") = "DymoLabels", "DymoLabels\DymoLabels.csproj", "{E32D831B-B548-4E9A-9EE6-5CA9B9B8B849}"
EndProject
Project("{FAE04EC0-301F-11D3-BF4B-00C04F79EFBC}") = "SeikoSLPLabels", "SeikoSLPLabels\SeikoSLPLabels.csproj", "{A35A7136-24BB-42E7-A246-C2E9FEE39492}"
EndProject
Project("{FAE04EC0-301F-11D3-BF4B-00C04F79EFBC}") = "ServiceAndDataContracts", "ServiceAndDataContracts\ServiceAndDataContracts.csproj", "{C702DEC6-D1DF-423C-93BF-708552A31A13}"
EndProject
Project("{FAE04EC0-301F-11D3-BF4B-00C04F79EFBC}") = "CACCCheckInServiceLibraryHost", "CACCCheckInServiceLibraryHost\CACCCheckInServiceLibraryHost.csproj", "{FCE9C7CB-DE28-4F3B-BFC1-3370FDEFD0D4}"
EndProject
Project("{FAE04EC0-301F-11D3-BF4B-00C04F79EFBC}") = "CACCCheckIn.Modules.Admin", "AdminModule\CACCCheckIn.Modules.Admin.csproj", "{49123757-EE9B-481D-9791-2093A315573C}"
EndProject
Project("{FAE04EC0-301F-11D3-BF4B-00C04F79EFBC}") = "CACCCheckIn.Modules.MOPS", "MOPSModule\CACCCheckIn.Modules.MOPS.csproj", "{CD8DA47D-FF73-4E5D-AF30-3C300A60401B}"
EndProject
Project("{FAE04EC0-301F-11D3-BF4B-00C04F79EFBC}") = "NameBadgePrinter", "NameBadgePrinter\NameBadgePrinter.csproj", "{9AD75518-6C9A-4A7F-A5FC-F19F5B0EF1FE}"
EndProject
Global
	GlobalSection(SolutionConfigurationPlatforms) = preSolution
		Debug|Any CPU = Debug|Any CPU
		Release|Any CPU = Release|Any CPU
	EndGlobalSection
	GlobalSection(ProjectConfigurationPlatforms) = postSolution
		{91021D6A-E56E-4E11-9139-3B74AFC85780}.Debug|Any CPU.ActiveCfg = Debug|Any CPU
		{91021D6A-E56E-4E11-9139-3B74AFC85780}.Debug|Any CPU.Build.0 = Debug|Any CPU
		{91021D6A-E56E-4E11-9139-3B74AFC85780}.Release|Any CPU.ActiveCfg = Release|Any CPU
		{91021D6A-E56E-4E11-9139-3B74AFC85780}.Release|Any CPU.Build.0 = Release|Any CPU
		{995E4D58-1157-45F8-ABB3-5EBC614F42DA}.Debug|Any CPU.ActiveCfg = Debug|Any CPU
		{995E4D58-1157-45F8-ABB3-5EBC614F42DA}.Debug|Any CPU.Build.0 = Debug|Any CPU
		{995E4D58-1157-45F8-ABB3-5EBC614F42DA}.Release|Any CPU.ActiveCfg = Release|Any CPU
		{995E4D58-1157-45F8-ABB3-5EBC614F42DA}.Release|Any CPU.Build.0 = Release|Any CPU
		{DEF3ACEE-C6F4-4FF6-BD48-35A566EDEC9C}.Debug|Any CPU.ActiveCfg = Debug|Any CPU
		{DEF3ACEE-C6F4-4FF6-BD48-35A566EDEC9C}.Debug|Any CPU.Build.0 = Debug|Any CPU
		{DEF3ACEE-C6F4-4FF6-BD48-35A566EDEC9C}.Release|Any CPU.ActiveCfg = Release|Any CPU
		{DEF3ACEE-C6F4-4FF6-BD48-35A566EDEC9C}.Release|Any CPU.Build.0 = Release|Any CPU
		{ACCE5482-B1BE-46DF-9588-B33FB6294CF8}.Debug|Any CPU.ActiveCfg = Debug|Any CPU
		{ACCE5482-B1BE-46DF-9588-B33FB6294CF8}.Debug|Any CPU.Build.0 = Debug|Any CPU
		{ACCE5482-B1BE-46DF-9588-B33FB6294CF8}.Release|Any CPU.ActiveCfg = Release|Any CPU
		{ACCE5482-B1BE-46DF-9588-B33FB6294CF8}.Release|Any CPU.Build.0 = Release|Any CPU
		{B22651CD-45B1-4341-B8D1-0792BFE1F8A0}.Debug|Any CPU.ActiveCfg = Debug|Any CPU
		{B22651CD-45B1-4341-B8D1-0792BFE1F8A0}.Debug|Any CPU.Build.0 = Debug|Any CPU
		{B22651CD-45B1-4341-B8D1-0792BFE1F8A0}.Release|Any CPU.ActiveCfg = Release|Any CPU
		{B22651CD-45B1-4341-B8D1-0792BFE1F8A0}.Release|Any CPU.Build.0 = Release|Any CPU
		{E1CDF58C-27C2-4AF9-93A4-588E7E0B7071}.Debug|Any CPU.ActiveCfg = Debug|Any CPU
		{E1CDF58C-27C2-4AF9-93A4-588E7E0B7071}.Debug|Any CPU.Build.0 = Debug|Any CPU
		{E1CDF58C-27C2-4AF9-93A4-588E7E0B7071}.Release|Any CPU.ActiveCfg = Release|Any CPU
		{E1CDF58C-27C2-4AF9-93A4-588E7E0B7071}.Release|Any CPU.Build.0 = Release|Any CPU
		{E1065E7D-1D68-4921-9813-44A3B982778D}.Debug|Any CPU.ActiveCfg = Debug|Any CPU
		{E1065E7D-1D68-4921-9813-44A3B982778D}.Debug|Any CPU.Build.0 = Debug|Any CPU
		{E1065E7D-1D68-4921-9813-44A3B982778D}.Release|Any CPU.ActiveCfg = Release|Any CPU
		{E1065E7D-1D68-4921-9813-44A3B982778D}.Release|Any CPU.Build.0 = Release|Any CPU
		{01C189E1-930F-41B4-B50C-691AF77240DC}.Debug|Any CPU.ActiveCfg = Debug|Any CPU
		{01C189E1-930F-41B4-B50C-691AF77240DC}.Debug|Any CPU.Build.0 = Debug|Any CPU
		{01C189E1-930F-41B4-B50C-691AF77240DC}.Release|Any CPU.ActiveCfg = Release|Any CPU
		{01C189E1-930F-41B4-B50C-691AF77240DC}.Release|Any CPU.Build.0 = Release|Any CPU
		{E32D831B-B548-4E9A-9EE6-5CA9B9B8B849}.Debug|Any CPU.ActiveCfg = Debug|Any CPU
		{E32D831B-B548-4E9A-9EE6-5CA9B9B8B849}.Debug|Any CPU.Build.0 = Debug|Any CPU
		{E32D831B-B548-4E9A-9EE6-5CA9B9B8B849}.Release|Any CPU.ActiveCfg = Release|Any CPU
		{E32D831B-B548-4E9A-9EE6-5CA9B9B8B849}.Release|Any CPU.Build.0 = Release|Any CPU
		{A35A7136-24BB-42E7-A246-C2E9FEE39492}.Debug|Any CPU.ActiveCfg = Debug|Any CPU
		{A35A7136-24BB-42E7-A246-C2E9FEE39492}.Debug|Any CPU.Build.0 = Debug|Any CPU
		{A35A7136-24BB-42E7-A246-C2E9FEE39492}.Release|Any CPU.ActiveCfg = Release|Any CPU
		{A35A7136-24BB-42E7-A246-C2E9FEE39492}.Release|Any CPU.Build.0 = Release|Any CPU
		{C702DEC6-D1DF-423C-93BF-708552A31A13}.Debug|Any CPU.ActiveCfg = Debug|Any CPU
		{C702DEC6-D1DF-423C-93BF-708552A31A13}.Debug|Any CPU.Build.0 = Debug|Any CPU
		{C702DEC6-D1DF-423C-93BF-708552A31A13}.Release|Any CPU.ActiveCfg = Release|Any CPU
		{C702DEC6-D1DF-423C-93BF-708552A31A13}.Release|Any CPU.Build.0 = Release|Any CPU
		{FCE9C7CB-DE28-4F3B-BFC1-3370FDEFD0D4}.Debug|Any CPU.ActiveCfg = Debug|Any CPU
		{FCE9C7CB-DE28-4F3B-BFC1-3370FDEFD0D4}.Debug|Any CPU.Build.0 = Debug|Any CPU
		{FCE9C7CB-DE28-4F3B-BFC1-3370FDEFD0D4}.Release|Any CPU.ActiveCfg = Release|Any CPU
		{FCE9C7CB-DE28-4F3B-BFC1-3370FDEFD0D4}.Release|Any CPU.Build.0 = Release|Any CPU
		{49123757-EE9B-481D-9791-2093A315573C}.Debug|Any CPU.ActiveCfg = Debug|Any CPU
		{49123757-EE9B-481D-9791-2093A315573C}.Debug|Any CPU.Build.0 = Debug|Any CPU
		{49123757-EE9B-481D-9791-2093A315573C}.Release|Any CPU.ActiveCfg = Release|Any CPU
		{49123757-EE9B-481D-9791-2093A315573C}.Release|Any CPU.Build.0 = Release|Any CPU
		{CD8DA47D-FF73-4E5D-AF30-3C300A60401B}.Debug|Any CPU.ActiveCfg = Debug|Any CPU
		{CD8DA47D-FF73-4E5D-AF30-3C300A60401B}.Debug|Any CPU.Build.0 = Debug|Any CPU
		{CD8DA47D-FF73-4E5D-AF30-3C300A60401B}.Release|Any CPU.ActiveCfg = Release|Any CPU
		{CD8DA47D-FF73-4E5D-AF30-3C300A60401B}.Release|Any CPU.Build.0 = Release|Any CPU
		{9AD75518-6C9A-4A7F-A5FC-F19F5B0EF1FE}.Debug|Any CPU.ActiveCfg = Debug|Any CPU
		{9AD75518-6C9A-4A7F-A5FC-F19F5B0EF1FE}.Debug|Any CPU.Build.0 = Debug|Any CPU
		{9AD75518-6C9A-4A7F-A5FC-F19F5B0EF1FE}.Release|Any CPU.ActiveCfg = Release|Any CPU
		{9AD75518-6C9A-4A7F-A5FC-F19F5B0EF1FE}.Release|Any CPU.Build.0 = Release|Any CPU
	EndGlobalSection
	GlobalSection(SolutionProperties) = preSolution
		HideSolutionNode = FALSE
	EndGlobalSection
	GlobalSection(NestedProjects) = preSolution
		{DEF3ACEE-C6F4-4FF6-BD48-35A566EDEC9C} = {2C1C835B-4FC8-443A-9B6F-47D3CD8C33B7}
		{ACCE5482-B1BE-46DF-9588-B33FB6294CF8} = {2C1C835B-4FC8-443A-9B6F-47D3CD8C33B7}
		{B22651CD-45B1-4341-B8D1-0792BFE1F8A0} = {6003A07B-B52F-4114-B41D-40589E20E8DC}
		{E1CDF58C-27C2-4AF9-93A4-588E7E0B7071} = {6003A07B-B52F-4114-B41D-40589E20E8DC}
		{01C189E1-930F-41B4-B50C-691AF77240DC} = {03514F58-6ADF-437D-9CFC-5D7E3D0C0F28}
		{E32D831B-B548-4E9A-9EE6-5CA9B9B8B849} = {03514F58-6ADF-437D-9CFC-5D7E3D0C0F28}
		{A35A7136-24BB-42E7-A246-C2E9FEE39492} = {03514F58-6ADF-437D-9CFC-5D7E3D0C0F28}
		{FCE9C7CB-DE28-4F3B-BFC1-3370FDEFD0D4} = {2C1C835B-4FC8-443A-9B6F-47D3CD8C33B7}
		{49123757-EE9B-481D-9791-2093A315573C} = {6003A07B-B52F-4114-B41D-40589E20E8DC}
		{CD8DA47D-FF73-4E5D-AF30-3C300A60401B} = {6003A07B-B52F-4114-B41D-40589E20E8DC}
		{9AD75518-6C9A-4A7F-A5FC-F19F5B0EF1FE} = {03514F58-6ADF-437D-9CFC-5D7E3D0C0F28}
	EndGlobalSection
EndGlobal
